
Microsoft Visual Studio Solution File, Format Version 12.00
# Visual Studio Version 17
VisualStudioVersion = 17.5.002.0
MinimumVisualStudioVersion = 10.0.40219.1
Project("{9A19103F-16F7-4668-BE54-9A1E7A4F7556}") = "EFTodo", "EFTodo.csproj", "{1ACAB6D8-DD0F-4BD6-A19A-9121D00E4B0B}"
EndProject
Global
	GlobalSection(SolutionConfigurationPlatforms) = preSolution
		Debug|Any CPU = Debug|Any CPU
		Release|Any CPU = Release|Any CPU
	EndGlobalSection
	GlobalSection(ProjectConfigurationPlatforms) = postSolution
		{1ACAB6D8-DD0F-4BD6-A19A-9121D00E4B0B}.Debug|Any CPU.ActiveCfg = Debug|Any CPU
		{1ACAB6D8-DD0F-4BD6-A19A-9121D00E4B0B}.Debug|Any CPU.Build.0 = Debug|Any CPU
		{1ACAB6D8-DD0F-4BD6-A19A-9121D00E4B0B}.Release|Any CPU.ActiveCfg = Release|Any CPU
		{1ACAB6D8-DD0F-4BD6-A19A-9121D00E4B0B}.Release|Any CPU.Build.0 = Release|Any CPU
	EndGlobalSection
	GlobalSection(SolutionProperties) = preSolution
		HideSolutionNode = FALSE
	EndGlobalSection
	GlobalSection(ExtensibilityGlobals) = postSolution
		SolutionGuid = {3C1F4C2E-D61E-483E-849B-576BD687B0D6}
	EndGlobalSection
EndGlobal
